
Microsoft Visual Studio Solution File, Format Version 12.00
# Visual Studio 15
VisualStudioVersion = 15.0.27130.2010
MinimumVisualStudioVersion = 10.0.40219.1
Project("{8BC9CEB8-8B4A-11D0-8D11-00A0C91BC942}") = "Display-Num-To-A-Binary-Number", "Display-Num-To-A-Binary-Number\Display-Num-To-A-Binary-Number.vcxproj", "{5ACF0614-B0F2-4976-A079-BA945C171520}"
EndProject
Global
	GlobalSection(SolutionConfigurationPlatforms) = preSolution
		Debug|x64 = Debug|x64
		Debug|x86 = Debug|x86
		Release|x64 = Release|x64
		Release|x86 = Release|x86
	EndGlobalSection
	GlobalSection(ProjectConfigurationPlatforms) = postSolution
		{5ACF0614-B0F2-4976-A079-BA945C171520}.Debug|x64.ActiveCfg = Debug|x64
		{5ACF0614-B0F2-4976-A079-BA945C171520}.Debug|x64.Build.0 = Debug|x64
		{5ACF0614-B0F2-4976-A079-BA945C171520}.Debug|x86.ActiveCfg = Debug|Win32
		{5ACF0614-B0F2-4976-A079-BA945C171520}.Debug|x86.Build.0 = Debug|Win32
		{5ACF0614-B0F2-4976-A079-BA945C171520}.Release|x64.ActiveCfg = Release|x64
		{5ACF0614-B0F2-4976-A079-BA945C171520}.Release|x64.Build.0 = Release|x64
		{5ACF0614-B0F2-4976-A079-BA945C171520}.Release|x86.ActiveCfg = Release|Win32
		{5ACF0614-B0F2-4976-A079-BA945C171520}.Release|x86.Build.0 = Release|Win32
	EndGlobalSection
	GlobalSection(SolutionProperties) = preSolution
		HideSolutionNode = FALSE
	EndGlobalSection
	GlobalSection(ExtensibilityGlobals) = postSolution
		SolutionGuid = {580451B7-475C-48FA-999C-56FF65523FB5}
	EndGlobalSection
EndGlobal
